
Microsoft Visual Studio Solution File, Format Version 12.00
# Visual Studio Version 17
VisualStudioVersion = 17.7.34024.191
MinimumVisualStudioVersion = 10.0.40219.1
Project("{FAE04EC0-301F-11D3-BF4B-00C04F79EFBC}") = "ECE 2310_HW3_part3", "ECE 2310_HW3_part3.csproj", "{75937319-97E9-4AE8-926C-816E63527ED5}"
EndProject
Global
	GlobalSection(SolutionConfigurationPlatforms) = preSolution
		Debug|Any CPU = Debug|Any CPU
		Release|Any CPU = Release|Any CPU
	EndGlobalSection
	GlobalSection(ProjectConfigurationPlatforms) = postSolution
		{75937319-97E9-4AE8-926C-816E63527ED5}.Debug|Any CPU.ActiveCfg = Debug|Any CPU
		{75937319-97E9-4AE8-926C-816E63527ED5}.Debug|Any CPU.Build.0 = Debug|Any CPU
		{75937319-97E9-4AE8-926C-816E63527ED5}.Release|Any CPU.ActiveCfg = Release|Any CPU
		{75937319-97E9-4AE8-926C-816E63527ED5}.Release|Any CPU.Build.0 = Release|Any CPU
	EndGlobalSection
	GlobalSection(SolutionProperties) = preSolution
		HideSolutionNode = FALSE
	EndGlobalSection
	GlobalSection(ExtensibilityGlobals) = postSolution
		SolutionGuid = {A858A6B0-616F-4E9B-B397-9C2077B84873}
	EndGlobalSection
EndGlobal
